
Microsoft Visual Studio Solution File, Format Version 12.00
# Visual Studio 15
VisualStudioVersion = 15.0.27130.2036
MinimumVisualStudioVersion = 10.0.40219.1
Project("{8BC9CEB8-8B4A-11D0-8D11-00A0C91BC942}") = "LightStripe_Investigation", "LightStripe_Investigation\LightStripe_Investigation.vcxproj", "{E1D44240-A84C-461F-BE2F-CED4DE37BF77}"
EndProject
Global
	GlobalSection(SolutionConfigurationPlatforms) = preSolution
		Debug|x64 = Debug|x64
		Debug|x86 = Debug|x86
		Release|x64 = Release|x64
		Release|x86 = Release|x86
	EndGlobalSection
	GlobalSection(ProjectConfigurationPlatforms) = postSolution
		{E1D44240-A84C-461F-BE2F-CED4DE37BF77}.Debug|x64.ActiveCfg = Debug|x64
		{E1D44240-A84C-461F-BE2F-CED4DE37BF77}.Debug|x64.Build.0 = Debug|x64
		{E1D44240-A84C-461F-BE2F-CED4DE37BF77}.Debug|x86.ActiveCfg = Debug|Win32
		{E1D44240-A84C-461F-BE2F-CED4DE37BF77}.Debug|x86.Build.0 = Debug|Win32
		{E1D44240-A84C-461F-BE2F-CED4DE37BF77}.Release|x64.ActiveCfg = Release|x64
		{E1D44240-A84C-461F-BE2F-CED4DE37BF77}.Release|x64.Build.0 = Release|x64
		{E1D44240-A84C-461F-BE2F-CED4DE37BF77}.Release|x86.ActiveCfg = Release|Win32
		{E1D44240-A84C-461F-BE2F-CED4DE37BF77}.Release|x86.Build.0 = Release|Win32
	EndGlobalSection
	GlobalSection(SolutionProperties) = preSolution
		HideSolutionNode = FALSE
	EndGlobalSection
	GlobalSection(ExtensibilityGlobals) = postSolution
		SolutionGuid = {55E7584A-75A8-4FA8-ACD9-5FD16E3066B7}
	EndGlobalSection
EndGlobal
